
Microsoft Visual Studio Solution File, Format Version 12.00
# Visual Studio Version 16
VisualStudioVersion = 16.0.31205.134
MinimumVisualStudioVersion = 10.0.40219.1
Project("{FAE04EC0-301F-11D3-BF4B-00C04F79EFBC}") = "FindingNationalityGame", "FindingNationalityGame\FindingNationalityGame.csproj", "{BFA7C80E-FF60-442F-905D-234C52977F87}"
EndProject
Global
	GlobalSection(SolutionConfigurationPlatforms) = preSolution
		Debug|Any CPU = Debug|Any CPU
		Release|Any CPU = Release|Any CPU
	EndGlobalSection
	GlobalSection(ProjectConfigurationPlatforms) = postSolution
		{BFA7C80E-FF60-442F-905D-234C52977F87}.Debug|Any CPU.ActiveCfg = Debug|Any CPU
		{BFA7C80E-FF60-442F-905D-234C52977F87}.Debug|Any CPU.Build.0 = Debug|Any CPU
		{BFA7C80E-FF60-442F-905D-234C52977F87}.Release|Any CPU.ActiveCfg = Release|Any CPU
		{BFA7C80E-FF60-442F-905D-234C52977F87}.Release|Any CPU.Build.0 = Release|Any CPU
	EndGlobalSection
	GlobalSection(SolutionProperties) = preSolution
		HideSolutionNode = FALSE
	EndGlobalSection
	GlobalSection(ExtensibilityGlobals) = postSolution
		SolutionGuid = {E37A6FE3-5959-4F1E-8008-31450775BDEB}
	EndGlobalSection
EndGlobal
